
Microsoft Visual Studio Solution File, Format Version 12.00
# Visual Studio Version 17
VisualStudioVersion = 17.1.32421.90
MinimumVisualStudioVersion = 10.0.40219.1
Project("{9A19103F-16F7-4668-BE54-9A1E7A4F7556}") = "ProjectBuilder", "Toolchain\ProjectBuilder\ProjectBuilder.csproj", "{C2A2C680-0E82-4232-BFBB-0DF5F98B0F87}"
	ProjectSection(ProjectDependencies) = postProject
		{3139AFE1-FB29-4287-9AB7-6EC4706FD7AD} = {3139AFE1-FB29-4287-9AB7-6EC4706FD7AD}
	EndProjectSection
EndProject
Project("{9A19103F-16F7-4668-BE54-9A1E7A4F7556}") = "Compiler", "Toolchain\Compiler\Compiler.csproj", "{606F7A67-CB94-4A9A-A7A8-7AA9CF373A04}"
	ProjectSection(ProjectDependencies) = postProject
		{ECC5D98B-371B-40D4-9C11-D36786D2E4D7} = {ECC5D98B-371B-40D4-9C11-D36786D2E4D7}
		{5A18B88C-74BD-40AB-AB83-D9B5A3053FEF} = {5A18B88C-74BD-40AB-AB83-D9B5A3053FEF}
		{3139AFE1-FB29-4287-9AB7-6EC4706FD7AD} = {3139AFE1-FB29-4287-9AB7-6EC4706FD7AD}
	EndProjectSection
EndProject
Project("{6EC3EE1D-3C4E-46DD-8F32-0CC8E7565705}") = "AST", "Compilation\AST\AST.fsproj", "{ECC5D98B-371B-40D4-9C11-D36786D2E4D7}"
EndProject
Project("{9A19103F-16F7-4668-BE54-9A1E7A4F7556}") = "Semantic", "Compilation\Semantic\Semantic.csproj", "{5A18B88C-74BD-40AB-AB83-D9B5A3053FEF}"
EndProject
Project("{2150E333-8FDC-42A3-9474-1A3956D46DE8}") = "Compilation", "Compilation", "{854D65BF-8527-48DB-AFA7-5DB354D32421}"
EndProject
Project("{2150E333-8FDC-42A3-9474-1A3956D46DE8}") = "Common", "Common", "{A030643A-4190-4F68-99D9-800AD6D0B2ED}"
EndProject
Project("{2150E333-8FDC-42A3-9474-1A3956D46DE8}") = "Linking", "Linking", "{D39B2E18-9AB2-4828-9F54-5E41F51A464D}"
EndProject
Project("{9A19103F-16F7-4668-BE54-9A1E7A4F7556}") = "Pipelining", "Common\Pipelining\Pipelining.csproj", "{3139AFE1-FB29-4287-9AB7-6EC4706FD7AD}"
EndProject
Project("{9A19103F-16F7-4668-BE54-9A1E7A4F7556}") = "CodeGeneration", "Compilation\CodeGeneration\CodeGeneration.csproj", "{981F8480-A513-4646-A579-E5B637F94739}"
EndProject
Project("{9A19103F-16F7-4668-BE54-9A1E7A4F7556}") = "Linker", "Toolchain\Linker\Linker.csproj", "{CECD15F6-41AD-40F1-943E-CB3591C05678}"
EndProject
Project("{2150E333-8FDC-42A3-9474-1A3956D46DE8}") = "Toolchain", "Toolchain", "{3F8F0323-7C3F-47E6-AADF-78FBF2CB3EA5}"
EndProject
Project("{9A19103F-16F7-4668-BE54-9A1E7A4F7556}") = "TypeSystem", "TypeSystem\TypeSystem.csproj", "{D4BF4D58-81BC-4C61-ABCC-4F64173B669C}"
EndProject
Project("{9A19103F-16F7-4668-BE54-9A1E7A4F7556}") = "Optimization", "Compilation\Optimization\Optimization.csproj", "{3C5E9C96-9B79-4A03-AB9A-940721EEFCF8}"
EndProject
Project("{9A19103F-16F7-4668-BE54-9A1E7A4F7556}") = "Files", "Common\Files\Files.csproj", "{F1F6F483-F7E1-4F49-8D50-103DB1483A5D}"
EndProject
Project("{9A19103F-16F7-4668-BE54-9A1E7A4F7556}") = "TypeValidation", "Compilation\TypeValidation\TypeValidation\TypeValidation.csproj", "{29B3989E-1845-4E91-8C4F-D4C6BE01848F}"
EndProject
Project("{9A19103F-16F7-4668-BE54-9A1E7A4F7556}") = "Utility", "Common\Utility\Utility\Utility.csproj", "{629355B3-A422-4E6F-8E11-9C9F06EAF0CE}"
EndProject
Project("{8BC9CEB8-8B4A-11D0-8D11-00A0C91BC942}") = "MindCSTD", "MindCSTD\MindCSTD.vcxproj", "{5EAF0FA3-D3B7-436D-AA3D-7D890876C106}"
EndProject
Project("{2150E333-8FDC-42A3-9474-1A3956D46DE8}") = "Элементы решения", "Элементы решения", "{9B30DF20-ACFB-45D1-9B8C-578EA8D8860A}"
	ProjectSection(SolutionItems) = preProject
		CREDITS.md = CREDITS.md
	EndProjectSection
EndProject
Global
	GlobalSection(SolutionConfigurationPlatforms) = preSolution
		Debug|Any CPU = Debug|Any CPU
		Debug|x64 = Debug|x64
		Debug|x86 = Debug|x86
		Release|Any CPU = Release|Any CPU
		Release|x64 = Release|x64
		Release|x86 = Release|x86
	EndGlobalSection
	GlobalSection(ProjectConfigurationPlatforms) = postSolution
		{C2A2C680-0E82-4232-BFBB-0DF5F98B0F87}.Debug|Any CPU.ActiveCfg = Debug|Any CPU
		{C2A2C680-0E82-4232-BFBB-0DF5F98B0F87}.Debug|Any CPU.Build.0 = Debug|Any CPU
		{C2A2C680-0E82-4232-BFBB-0DF5F98B0F87}.Debug|x64.ActiveCfg = Debug|Any CPU
		{C2A2C680-0E82-4232-BFBB-0DF5F98B0F87}.Debug|x64.Build.0 = Debug|Any CPU
		{C2A2C680-0E82-4232-BFBB-0DF5F98B0F87}.Debug|x86.ActiveCfg = Debug|Any CPU
		{C2A2C680-0E82-4232-BFBB-0DF5F98B0F87}.Debug|x86.Build.0 = Debug|Any CPU
		{C2A2C680-0E82-4232-BFBB-0DF5F98B0F87}.Release|Any CPU.ActiveCfg = Release|Any CPU
		{C2A2C680-0E82-4232-BFBB-0DF5F98B0F87}.Release|Any CPU.Build.0 = Release|Any CPU
		{C2A2C680-0E82-4232-BFBB-0DF5F98B0F87}.Release|x64.ActiveCfg = Release|Any CPU
		{C2A2C680-0E82-4232-BFBB-0DF5F98B0F87}.Release|x64.Build.0 = Release|Any CPU
		{C2A2C680-0E82-4232-BFBB-0DF5F98B0F87}.Release|x86.ActiveCfg = Release|Any CPU
		{C2A2C680-0E82-4232-BFBB-0DF5F98B0F87}.Release|x86.Build.0 = Release|Any CPU
		{606F7A67-CB94-4A9A-A7A8-7AA9CF373A04}.Debug|Any CPU.ActiveCfg = Debug|Any CPU
		{606F7A67-CB94-4A9A-A7A8-7AA9CF373A04}.Debug|Any CPU.Build.0 = Debug|Any CPU
		{606F7A67-CB94-4A9A-A7A8-7AA9CF373A04}.Debug|x64.ActiveCfg = Debug|Any CPU
		{606F7A67-CB94-4A9A-A7A8-7AA9CF373A04}.Debug|x64.Build.0 = Debug|Any CPU
		{606F7A67-CB94-4A9A-A7A8-7AA9CF373A04}.Debug|x86.ActiveCfg = Debug|Any CPU
		{606F7A67-CB94-4A9A-A7A8-7AA9CF373A04}.Debug|x86.Build.0 = Debug|Any CPU
		{606F7A67-CB94-4A9A-A7A8-7AA9CF373A04}.Release|Any CPU.ActiveCfg = Release|Any CPU
		{606F7A67-CB94-4A9A-A7A8-7AA9CF373A04}.Release|Any CPU.Build.0 = Release|Any CPU
		{606F7A67-CB94-4A9A-A7A8-7AA9CF373A04}.Release|x64.ActiveCfg = Release|Any CPU
		{606F7A67-CB94-4A9A-A7A8-7AA9CF373A04}.Release|x64.Build.0 = Release|Any CPU
		{606F7A67-CB94-4A9A-A7A8-7AA9CF373A04}.Release|x86.ActiveCfg = Release|Any CPU
		{606F7A67-CB94-4A9A-A7A8-7AA9CF373A04}.Release|x86.Build.0 = Release|Any CPU
		{ECC5D98B-371B-40D4-9C11-D36786D2E4D7}.Debug|Any CPU.ActiveCfg = Debug|Any CPU
		{ECC5D98B-371B-40D4-9C11-D36786D2E4D7}.Debug|Any CPU.Build.0 = Debug|Any CPU
		{ECC5D98B-371B-40D4-9C11-D36786D2E4D7}.Debug|x64.ActiveCfg = Debug|Any CPU
		{ECC5D98B-371B-40D4-9C11-D36786D2E4D7}.Debug|x64.Build.0 = Debug|Any CPU
		{ECC5D98B-371B-40D4-9C11-D36786D2E4D7}.Debug|x86.ActiveCfg = Debug|Any CPU
		{ECC5D98B-371B-40D4-9C11-D36786D2E4D7}.Debug|x86.Build.0 = Debug|Any CPU
		{ECC5D98B-371B-40D4-9C11-D36786D2E4D7}.Release|Any CPU.ActiveCfg = Release|Any CPU
		{ECC5D98B-371B-40D4-9C11-D36786D2E4D7}.Release|Any CPU.Build.0 = Release|Any CPU
		{ECC5D98B-371B-40D4-9C11-D36786D2E4D7}.Release|x64.ActiveCfg = Release|Any CPU
		{ECC5D98B-371B-40D4-9C11-D36786D2E4D7}.Release|x64.Build.0 = Release|Any CPU
		{ECC5D98B-371B-40D4-9C11-D36786D2E4D7}.Release|x86.ActiveCfg = Release|Any CPU
		{ECC5D98B-371B-40D4-9C11-D36786D2E4D7}.Release|x86.Build.0 = Release|Any CPU
		{5A18B88C-74BD-40AB-AB83-D9B5A3053FEF}.Debug|Any CPU.ActiveCfg = Debug|Any CPU
		{5A18B88C-74BD-40AB-AB83-D9B5A3053FEF}.Debug|Any CPU.Build.0 = Debug|Any CPU
		{5A18B88C-74BD-40AB-AB83-D9B5A3053FEF}.Debug|x64.ActiveCfg = Debug|Any CPU
		{5A18B88C-74BD-40AB-AB83-D9B5A3053FEF}.Debug|x64.Build.0 = Debug|Any CPU
		{5A18B88C-74BD-40AB-AB83-D9B5A3053FEF}.Debug|x86.ActiveCfg = Debug|Any CPU
		{5A18B88C-74BD-40AB-AB83-D9B5A3053FEF}.Debug|x86.Build.0 = Debug|Any CPU
		{5A18B88C-74BD-40AB-AB83-D9B5A3053FEF}.Release|Any CPU.ActiveCfg = Release|Any CPU
		{5A18B88C-74BD-40AB-AB83-D9B5A3053FEF}.Release|Any CPU.Build.0 = Release|Any CPU
		{5A18B88C-74BD-40AB-AB83-D9B5A3053FEF}.Release|x64.ActiveCfg = Release|Any CPU
		{5A18B88C-74BD-40AB-AB83-D9B5A3053FEF}.Release|x64.Build.0 = Release|Any CPU
		{5A18B88C-74BD-40AB-AB83-D9B5A3053FEF}.Release|x86.ActiveCfg = Release|Any CPU
		{5A18B88C-74BD-40AB-AB83-D9B5A3053FEF}.Release|x86.Build.0 = Release|Any CPU
		{3139AFE1-FB29-4287-9AB7-6EC4706FD7AD}.Debug|Any CPU.ActiveCfg = Debug|Any CPU
		{3139AFE1-FB29-4287-9AB7-6EC4706FD7AD}.Debug|Any CPU.Build.0 = Debug|Any CPU
		{3139AFE1-FB29-4287-9AB7-6EC4706FD7AD}.Debug|x64.ActiveCfg = Debug|Any CPU
		{3139AFE1-FB29-4287-9AB7-6EC4706FD7AD}.Debug|x64.Build.0 = Debug|Any CPU
		{3139AFE1-FB29-4287-9AB7-6EC4706FD7AD}.Debug|x86.ActiveCfg = Debug|Any CPU
		{3139AFE1-FB29-4287-9AB7-6EC4706FD7AD}.Debug|x86.Build.0 = Debug|Any CPU
		{3139AFE1-FB29-4287-9AB7-6EC4706FD7AD}.Release|Any CPU.ActiveCfg = Release|Any CPU
		{3139AFE1-FB29-4287-9AB7-6EC4706FD7AD}.Release|Any CPU.Build.0 = Release|Any CPU
		{3139AFE1-FB29-4287-9AB7-6EC4706FD7AD}.Release|x64.ActiveCfg = Release|Any CPU
		{3139AFE1-FB29-4287-9AB7-6EC4706FD7AD}.Release|x64.Build.0 = Release|Any CPU
		{3139AFE1-FB29-4287-9AB7-6EC4706FD7AD}.Release|x86.ActiveCfg = Release|Any CPU
		{3139AFE1-FB29-4287-9AB7-6EC4706FD7AD}.Release|x86.Build.0 = Release|Any CPU
		{981F8480-A513-4646-A579-E5B637F94739}.Debug|Any CPU.ActiveCfg = Debug|Any CPU
		{981F8480-A513-4646-A579-E5B637F94739}.Debug|Any CPU.Build.0 = Debug|Any CPU
		{981F8480-A513-4646-A579-E5B637F94739}.Debug|x64.ActiveCfg = Debug|Any CPU
		{981F8480-A513-4646-A579-E5B637F94739}.Debug|x64.Build.0 = Debug|Any CPU
		{981F8480-A513-4646-A579-E5B637F94739}.Debug|x86.ActiveCfg = Debug|Any CPU
		{981F8480-A513-4646-A579-E5B637F94739}.Debug|x86.Build.0 = Debug|Any CPU
		{981F8480-A513-4646-A579-E5B637F94739}.Release|Any CPU.ActiveCfg = Release|Any CPU
		{981F8480-A513-4646-A579-E5B637F94739}.Release|Any CPU.Build.0 = Release|Any CPU
		{981F8480-A513-4646-A579-E5B637F94739}.Release|x64.ActiveCfg = Release|Any CPU
		{981F8480-A513-4646-A579-E5B637F94739}.Release|x64.Build.0 = Release|Any CPU
		{981F8480-A513-4646-A579-E5B637F94739}.Release|x86.ActiveCfg = Release|Any CPU
		{981F8480-A513-4646-A579-E5B637F94739}.Release|x86.Build.0 = Release|Any CPU
		{CECD15F6-41AD-40F1-943E-CB3591C05678}.Debug|Any CPU.ActiveCfg = Debug|Any CPU
		{CECD15F6-41AD-40F1-943E-CB3591C05678}.Debug|Any CPU.Build.0 = Debug|Any CPU
		{CECD15F6-41AD-40F1-943E-CB3591C05678}.Debug|x64.ActiveCfg = Debug|Any CPU
		{CECD15F6-41AD-40F1-943E-CB3591C05678}.Debug|x64.Build.0 = Debug|Any CPU
		{CECD15F6-41AD-40F1-943E-CB3591C05678}.Debug|x86.ActiveCfg = Debug|Any CPU
		{CECD15F6-41AD-40F1-943E-CB3591C05678}.Debug|x86.Build.0 = Debug|Any CPU
		{CECD15F6-41AD-40F1-943E-CB3591C05678}.Release|Any CPU.ActiveCfg = Release|Any CPU
		{CECD15F6-41AD-40F1-943E-CB3591C05678}.Release|Any CPU.Build.0 = Release|Any CPU
		{CECD15F6-41AD-40F1-943E-CB3591C05678}.Release|x64.ActiveCfg = Release|Any CPU
		{CECD15F6-41AD-40F1-943E-CB3591C05678}.Release|x64.Build.0 = Release|Any CPU
		{CECD15F6-41AD-40F1-943E-CB3591C05678}.Release|x86.ActiveCfg = Release|Any CPU
		{CECD15F6-41AD-40F1-943E-CB3591C05678}.Release|x86.Build.0 = Release|Any CPU
		{D4BF4D58-81BC-4C61-ABCC-4F64173B669C}.Debug|Any CPU.ActiveCfg = Debug|Any CPU
		{D4BF4D58-81BC-4C61-ABCC-4F64173B669C}.Debug|Any CPU.Build.0 = Debug|Any CPU
		{D4BF4D58-81BC-4C61-ABCC-4F64173B669C}.Debug|x64.ActiveCfg = Debug|Any CPU
		{D4BF4D58-81BC-4C61-ABCC-4F64173B669C}.Debug|x64.Build.0 = Debug|Any CPU
		{D4BF4D58-81BC-4C61-ABCC-4F64173B669C}.Debug|x86.ActiveCfg = Debug|Any CPU
		{D4BF4D58-81BC-4C61-ABCC-4F64173B669C}.Debug|x86.Build.0 = Debug|Any CPU
		{D4BF4D58-81BC-4C61-ABCC-4F64173B669C}.Release|Any CPU.ActiveCfg = Release|Any CPU
		{D4BF4D58-81BC-4C61-ABCC-4F64173B669C}.Release|Any CPU.Build.0 = Release|Any CPU
		{D4BF4D58-81BC-4C61-ABCC-4F64173B669C}.Release|x64.ActiveCfg = Release|Any CPU
		{D4BF4D58-81BC-4C61-ABCC-4F64173B669C}.Release|x64.Build.0 = Release|Any CPU
		{D4BF4D58-81BC-4C61-ABCC-4F64173B669C}.Release|x86.ActiveCfg = Release|Any CPU
		{D4BF4D58-81BC-4C61-ABCC-4F64173B669C}.Release|x86.Build.0 = Release|Any CPU
		{3C5E9C96-9B79-4A03-AB9A-940721EEFCF8}.Debug|Any CPU.ActiveCfg = Debug|Any CPU
		{3C5E9C96-9B79-4A03-AB9A-940721EEFCF8}.Debug|Any CPU.Build.0 = Debug|Any CPU
		{3C5E9C96-9B79-4A03-AB9A-940721EEFCF8}.Debug|x64.ActiveCfg = Debug|Any CPU
		{3C5E9C96-9B79-4A03-AB9A-940721EEFCF8}.Debug|x64.Build.0 = Debug|Any CPU
		{3C5E9C96-9B79-4A03-AB9A-940721EEFCF8}.Debug|x86.ActiveCfg = Debug|Any CPU
		{3C5E9C96-9B79-4A03-AB9A-940721EEFCF8}.Debug|x86.Build.0 = Debug|Any CPU
		{3C5E9C96-9B79-4A03-AB9A-940721EEFCF8}.Release|Any CPU.ActiveCfg = Release|Any CPU
		{3C5E9C96-9B79-4A03-AB9A-940721EEFCF8}.Release|Any CPU.Build.0 = Release|Any CPU
		{3C5E9C96-9B79-4A03-AB9A-940721EEFCF8}.Release|x64.ActiveCfg = Release|Any CPU
		{3C5E9C96-9B79-4A03-AB9A-940721EEFCF8}.Release|x64.Build.0 = Release|Any CPU
		{3C5E9C96-9B79-4A03-AB9A-940721EEFCF8}.Release|x86.ActiveCfg = Release|Any CPU
		{3C5E9C96-9B79-4A03-AB9A-940721EEFCF8}.Release|x86.Build.0 = Release|Any CPU
		{F1F6F483-F7E1-4F49-8D50-103DB1483A5D}.Debug|Any CPU.ActiveCfg = Debug|Any CPU
		{F1F6F483-F7E1-4F49-8D50-103DB1483A5D}.Debug|Any CPU.Build.0 = Debug|Any CPU
		{F1F6F483-F7E1-4F49-8D50-103DB1483A5D}.Debug|x64.ActiveCfg = Debug|Any CPU
		{F1F6F483-F7E1-4F49-8D50-103DB1483A5D}.Debug|x64.Build.0 = Debug|Any CPU
		{F1F6F483-F7E1-4F49-8D50-103DB1483A5D}.Debug|x86.ActiveCfg = Debug|Any CPU
		{F1F6F483-F7E1-4F49-8D50-103DB1483A5D}.Debug|x86.Build.0 = Debug|Any CPU
		{F1F6F483-F7E1-4F49-8D50-103DB1483A5D}.Release|Any CPU.ActiveCfg = Release|Any CPU
		{F1F6F483-F7E1-4F49-8D50-103DB1483A5D}.Release|Any CPU.Build.0 = Release|Any CPU
		{F1F6F483-F7E1-4F49-8D50-103DB1483A5D}.Release|x64.ActiveCfg = Release|Any CPU
		{F1F6F483-F7E1-4F49-8D50-103DB1483A5D}.Release|x64.Build.0 = Release|Any CPU
		{F1F6F483-F7E1-4F49-8D50-103DB1483A5D}.Release|x86.ActiveCfg = Release|Any CPU
		{F1F6F483-F7E1-4F49-8D50-103DB1483A5D}.Release|x86.Build.0 = Release|Any CPU
		{29B3989E-1845-4E91-8C4F-D4C6BE01848F}.Debug|Any CPU.ActiveCfg = Debug|Any CPU
		{29B3989E-1845-4E91-8C4F-D4C6BE01848F}.Debug|Any CPU.Build.0 = Debug|Any CPU
		{29B3989E-1845-4E91-8C4F-D4C6BE01848F}.Debug|x64.ActiveCfg = Debug|Any CPU
		{29B3989E-1845-4E91-8C4F-D4C6BE01848F}.Debug|x64.Build.0 = Debug|Any CPU
		{29B3989E-1845-4E91-8C4F-D4C6BE01848F}.Debug|x86.ActiveCfg = Debug|Any CPU
		{29B3989E-1845-4E91-8C4F-D4C6BE01848F}.Debug|x86.Build.0 = Debug|Any CPU
		{29B3989E-1845-4E91-8C4F-D4C6BE01848F}.Release|Any CPU.ActiveCfg = Release|Any CPU
		{29B3989E-1845-4E91-8C4F-D4C6BE01848F}.Release|Any CPU.Build.0 = Release|Any CPU
		{29B3989E-1845-4E91-8C4F-D4C6BE01848F}.Release|x64.ActiveCfg = Release|Any CPU
		{29B3989E-1845-4E91-8C4F-D4C6BE01848F}.Release|x64.Build.0 = Release|Any CPU
		{29B3989E-1845-4E91-8C4F-D4C6BE01848F}.Release|x86.ActiveCfg = Release|Any CPU
		{29B3989E-1845-4E91-8C4F-D4C6BE01848F}.Release|x86.Build.0 = Release|Any CPU
		{629355B3-A422-4E6F-8E11-9C9F06EAF0CE}.Debug|Any CPU.ActiveCfg = Debug|Any CPU
		{629355B3-A422-4E6F-8E11-9C9F06EAF0CE}.Debug|Any CPU.Build.0 = Debug|Any CPU
		{629355B3-A422-4E6F-8E11-9C9F06EAF0CE}.Debug|x64.ActiveCfg = Debug|Any CPU
		{629355B3-A422-4E6F-8E11-9C9F06EAF0CE}.Debug|x64.Build.0 = Debug|Any CPU
		{629355B3-A422-4E6F-8E11-9C9F06EAF0CE}.Debug|x86.ActiveCfg = Debug|Any CPU
		{629355B3-A422-4E6F-8E11-9C9F06EAF0CE}.Debug|x86.Build.0 = Debug|Any CPU
		{629355B3-A422-4E6F-8E11-9C9F06EAF0CE}.Release|Any CPU.ActiveCfg = Release|Any CPU
		{629355B3-A422-4E6F-8E11-9C9F06EAF0CE}.Release|Any CPU.Build.0 = Release|Any CPU
		{629355B3-A422-4E6F-8E11-9C9F06EAF0CE}.Release|x64.ActiveCfg = Release|Any CPU
		{629355B3-A422-4E6F-8E11-9C9F06EAF0CE}.Release|x64.Build.0 = Release|Any CPU
		{629355B3-A422-4E6F-8E11-9C9F06EAF0CE}.Release|x86.ActiveCfg = Release|Any CPU
		{629355B3-A422-4E6F-8E11-9C9F06EAF0CE}.Release|x86.Build.0 = Release|Any CPU
		{5EAF0FA3-D3B7-436D-AA3D-7D890876C106}.Debug|Any CPU.ActiveCfg = Debug|x64
		{5EAF0FA3-D3B7-436D-AA3D-7D890876C106}.Debug|Any CPU.Build.0 = Debug|x64
		{5EAF0FA3-D3B7-436D-AA3D-7D890876C106}.Debug|x64.ActiveCfg = Debug|x64
		{5EAF0FA3-D3B7-436D-AA3D-7D890876C106}.Debug|x64.Build.0 = Debug|x64
		{5EAF0FA3-D3B7-436D-AA3D-7D890876C106}.Debug|x86.ActiveCfg = Debug|Win32
		{5EAF0FA3-D3B7-436D-AA3D-7D890876C106}.Debug|x86.Build.0 = Debug|Win32
		{5EAF0FA3-D3B7-436D-AA3D-7D890876C106}.Release|Any CPU.ActiveCfg = Release|x64
		{5EAF0FA3-D3B7-436D-AA3D-7D890876C106}.Release|Any CPU.Build.0 = Release|x64
		{5EAF0FA3-D3B7-436D-AA3D-7D890876C106}.Release|x64.ActiveCfg = Release|x64
		{5EAF0FA3-D3B7-436D-AA3D-7D890876C106}.Release|x64.Build.0 = Release|x64
		{5EAF0FA3-D3B7-436D-AA3D-7D890876C106}.Release|x86.ActiveCfg = Release|Win32
		{5EAF0FA3-D3B7-436D-AA3D-7D890876C106}.Release|x86.Build.0 = Release|Win32
	EndGlobalSection
	GlobalSection(SolutionProperties) = preSolution
		HideSolutionNode = FALSE
	EndGlobalSection
	GlobalSection(NestedProjects) = preSolution
		{C2A2C680-0E82-4232-BFBB-0DF5F98B0F87} = {3F8F0323-7C3F-47E6-AADF-78FBF2CB3EA5}
		{606F7A67-CB94-4A9A-A7A8-7AA9CF373A04} = {3F8F0323-7C3F-47E6-AADF-78FBF2CB3EA5}
		{ECC5D98B-371B-40D4-9C11-D36786D2E4D7} = {854D65BF-8527-48DB-AFA7-5DB354D32421}
		{5A18B88C-74BD-40AB-AB83-D9B5A3053FEF} = {854D65BF-8527-48DB-AFA7-5DB354D32421}
		{3139AFE1-FB29-4287-9AB7-6EC4706FD7AD} = {A030643A-4190-4F68-99D9-800AD6D0B2ED}
		{981F8480-A513-4646-A579-E5B637F94739} = {854D65BF-8527-48DB-AFA7-5DB354D32421}
		{CECD15F6-41AD-40F1-943E-CB3591C05678} = {3F8F0323-7C3F-47E6-AADF-78FBF2CB3EA5}
		{D4BF4D58-81BC-4C61-ABCC-4F64173B669C} = {854D65BF-8527-48DB-AFA7-5DB354D32421}
		{3C5E9C96-9B79-4A03-AB9A-940721EEFCF8} = {854D65BF-8527-48DB-AFA7-5DB354D32421}
		{F1F6F483-F7E1-4F49-8D50-103DB1483A5D} = {A030643A-4190-4F68-99D9-800AD6D0B2ED}
		{29B3989E-1845-4E91-8C4F-D4C6BE01848F} = {854D65BF-8527-48DB-AFA7-5DB354D32421}
		{629355B3-A422-4E6F-8E11-9C9F06EAF0CE} = {A030643A-4190-4F68-99D9-800AD6D0B2ED}
		{5EAF0FA3-D3B7-436D-AA3D-7D890876C106} = {3F8F0323-7C3F-47E6-AADF-78FBF2CB3EA5}
	EndGlobalSection
	GlobalSection(ExtensibilityGlobals) = postSolution
		SolutionGuid = {6F4B113C-6E75-42E1-B97A-4E20695CFE45}
	EndGlobalSection
EndGlobal
